// !$*UTF8*$!
{
	archiveVersion = 1;
	classes = {
	};
	objectVersion = 50;
	objects = {

/* Begin PBXBuildFile section */
		22F6FA062865F4E100A7995F /* AppDelegate.swift in Sources */ = {isa = PBXBuildFile; fileRef = 22F6FA052865F4E100A7995F /* AppDelegate.swift */; };
		22F6FA082865F4E100A7995F /* SceneDelegate.swift in Sources */ = {isa = PBXBuildFile; fileRef = 22F6FA072865F4E100A7995F /* SceneDelegate.swift */; };
		22F6FA0A2865F4E100A7995F /* SettingsViewController.swift in Sources */ = {isa = PBXBuildFile; fileRef = 22F6FA092865F4E100A7995F /* SettingsViewController.swift */; };
		22F6FA0D2865F4E100A7995F /* Main.storyboard in Resources */ = {isa = PBXBuildFile; fileRef = 22F6FA0B2865F4E100A7995F /* Main.storyboard */; };
		22F6FA0F2865F4E400A7995F /* Assets.xcassets in Resources */ = {isa = PBXBuildFile; fileRef = 22F6FA0E2865F4E400A7995F /* Assets.xcassets */; };
		22F6FA122865F4E400A7995F /* LaunchScreen.storyboard in Resources */ = {isa = PBXBuildFile; fileRef = 22F6FA102865F4E400A7995F /* LaunchScreen.storyboard */; };
		5D6DF287287F599500EB5487 /* MainViewController.swift in Sources */ = {isa = PBXBuildFile; fileRef = 5D6DF286287F599500EB5487 /* MainViewController.swift */; };
/* End PBXBuildFile section */

/* Begin PBXFileReference section */
		22F6FA022865F4E100A7995F /* RGB Coloriser.app */ = {isa = PBXFileReference; explicitFileType = wrapper.application; includeInIndex = 0; path = "RGB Coloriser.app"; sourceTree = BUILT_PRODUCTS_DIR; };
		22F6FA052865F4E100A7995F /* AppDelegate.swift */ = {isa = PBXFileReference; lastKnownFileType = sourcecode.swift; path = AppDelegate.swift; sourceTree = "<group>"; };
		22F6FA072865F4E100A7995F /* SceneDelegate.swift */ = {isa = PBXFileReference; lastKnownFileType = sourcecode.swift; path = SceneDelegate.swift; sourceTree = "<group>"; };
		22F6FA092865F4E100A7995F /* SettingsViewController.swift */ = {isa = PBXFileReference; lastKnownFileType = sourcecode.swift; path = SettingsViewController.swift; sourceTree = "<group>"; };
		22F6FA0C2865F4E100A7995F /* Base */ = {isa = PBXFileReference; lastKnownFileType = file.storyboard; name = Base; path = Base.lproj/Main.storyboard; sourceTree = "<group>"; };
		22F6FA0E2865F4E400A7995F /* Assets.xcassets */ = {isa = PBXFileReference; lastKnownFileType = folder.assetcatalog; path = Assets.xcassets; sourceTree = "<group>"; };
		22F6FA112865F4E400A7995F /* Base */ = {isa = PBXFileReference; lastKnownFileType = file.storyboard; name = Base; path = Base.lproj/LaunchScreen.storyboard; sourceTree = "<group>"; };
		22F6FA132865F4E400A7995F /* Info.plist */ = {isa = PBXFileReference; lastKnownFileType = text.plist.xml; path = Info.plist; sourceTree = "<group>"; };
		5D6DF286287F599500EB5487 /* MainViewController.swift */ = {isa = PBXFileReference; lastKnownFileType = sourcecode.swift; path = MainViewController.swift; sourceTree = "<group>"; };
/* End PBXFileReference section */

/* Begin PBXFrameworksBuildPhase section */
		22F6F9FF2865F4E100A7995F /* Frameworks */ = {
			isa = PBXFrameworksBuildPhase;
			buildActionMask = 2147483647;
			files = (
			);
			runOnlyForDeploymentPostprocessing = 0;
		};
/* End PBXFrameworksBuildPhase section */

/* Begin PBXGroup section */
		22F6F9F92865F4E000A7995F = {
			isa = PBXGroup;
			children = (
				22F6FA042865F4E100A7995F /* RGB Coloriser */,
				22F6FA032865F4E100A7995F /* Products */,
			);
			sourceTree = "<group>";
		};
		22F6FA032865F4E100A7995F /* Products */ = {
			isa = PBXGroup;
			children = (
				22F6FA022865F4E100A7995F /* RGB Coloriser.app */,
			);
			name = Products;
			sourceTree = "<group>";
		};
		22F6FA042865F4E100A7995F /* RGB Coloriser */ = {
			isa = PBXGroup;
			children = (
				5D6DF280287ED76700EB5487 /* App */,
				5D6DF283287ED8B900EB5487 /* ViewControllers */,
				5D6DF282287ED88E00EB5487 /* Storyboards */,
				5D6DF281287ED7B500EB5487 /* Rsourses */,
			);
			path = "RGB Coloriser";
			sourceTree = "<group>";
		};
		5D6DF280287ED76700EB5487 /* App */ = {
			isa = PBXGroup;
			children = (
				22F6FA052865F4E100A7995F /* AppDelegate.swift */,
				22F6FA072865F4E100A7995F /* SceneDelegate.swift */,
				22F6FA132865F4E400A7995F /* Info.plist */,
			);
			path = App;
			sourceTree = "<group>";
		};
		5D6DF281287ED7B500EB5487 /* Rsourses */ = {
			isa = PBXGroup;
			children = (
				22F6FA0E2865F4E400A7995F /* Assets.xcassets */,
			);
			path = Rsourses;
			sourceTree = "<group>";
		};
		5D6DF282287ED88E00EB5487 /* Storyboards */ = {
			isa = PBXGroup;
			children = (
				22F6FA0B2865F4E100A7995F /* Main.storyboard */,
				22F6FA102865F4E400A7995F /* LaunchScreen.storyboard */,
			);
			path = Storyboards;
			sourceTree = "<group>";
		};
		5D6DF283287ED8B900EB5487 /* ViewControllers */ = {
			isa = PBXGroup;
			children = (
				22F6FA092865F4E100A7995F /* SettingsViewController.swift */,
				5D6DF286287F599500EB5487 /* MainViewController.swift */,
			);
			path = ViewControllers;
			sourceTree = "<group>";
		};
/* End PBXGroup section */

/* Begin PBXNativeTarget section */
		22F6FA012865F4E100A7995F /* RGB Coloriser */ = {
			isa = PBXNativeTarget;
			buildConfigurationList = 22F6FA162865F4E400A7995F /* Build configuration list for PBXNativeTarget "RGB Coloriser" */;
			buildPhases = (
				22F6F9FE2865F4E100A7995F /* Sources */,
				22F6F9FF2865F4E100A7995F /* Frameworks */,
				22F6FA002865F4E100A7995F /* Resources */,
			);
			buildRules = (
			);
			dependencies = (
			);
			name = "RGB Coloriser";
			productName = "RGB Coloriser";
			productReference = 22F6FA022865F4E100A7995F /* RGB Coloriser.app */;
			productType = "com.apple.product-type.application";
		};
/* End PBXNativeTarget section */

/* Begin PBXProject section */
		22F6F9FA2865F4E000A7995F /* Project object */ = {
			isa = PBXProject;
			attributes = {
				LastSwiftUpdateCheck = 1160;
				LastUpgradeCheck = 1160;
				ORGANIZATIONNAME = "Anastasia Liapich";
				TargetAttributes = {
					22F6FA012865F4E100A7995F = {
						CreatedOnToolsVersion = 11.6;
					};
				};
			};
			buildConfigurationList = 22F6F9FD2865F4E000A7995F /* Build configuration list for PBXProject "RGB Coloriser" */;
			compatibilityVersion = "Xcode 9.3";
			developmentRegion = en;
			hasScannedForEncodings = 0;
			knownRegions = (
				en,
				Base,
			);
			mainGroup = 22F6F9F92865F4E000A7995F;
			productRefGroup = 22F6FA032865F4E100A7995F /* Products */;
			projectDirPath = "";
			projectRoot = "";
			targets = (
				22F6FA012865F4E100A7995F /* RGB Coloriser */,
			);
		};
/* End PBXProject section */

/* Begin PBXResourcesBuildPhase section */
		22F6FA002865F4E100A7995F /* Resources */ = {
			isa = PBXResourcesBuildPhase;
			buildActionMask = 2147483647;
			files = (
				22F6FA122865F4E400A7995F /* LaunchScreen.storyboard in Resources */,
				22F6FA0F2865F4E400A7995F /* Assets.xcassets in Resources */,
				22F6FA0D2865F4E100A7995F /* Main.storyboard in Resources */,
			);
			runOnlyForDeploymentPostprocessing = 0;
		};
/* End PBXResourcesBuildPhase section */

/* Begin PBXSourcesBuildPhase section */
		22F6F9FE2865F4E100A7995F /* Sources */ = {
			isa = PBXSourcesBuildPhase;
			buildActionMask = 2147483647;
			files = (
				22F6FA0A2865F4E100A7995F /* SettingsViewController.swift in Sources */,
				22F6FA062865F4E100A7995F /* AppDelegate.swift in Sources */,
				22F6FA082865F4E100A7995F /* SceneDelegate.swift in Sources */,
				5D6DF287287F599500EB5487 /* MainViewController.swift in Sources */,
			);
			runOnlyForDeploymentPostprocessing = 0;
		};
/* End PBXSourcesBuildPhase section */

/* Begin PBXVariantGroup section */
		22F6FA0B2865F4E100A7995F /* Main.storyboard */ = {
			isa = PBXVariantGroup;
			children = (
				22F6FA0C2865F4E100A7995F /* Base */,
			);
			name = Main.storyboard;
			sourceTree = "<group>";
		};
		22F6FA102865F4E400A7995F /* LaunchScreen.storyboard */ = {
			isa = PBXVariantGroup;
			children = (
				22F6FA112865F4E400A7995F /* Base */,
			);
			name = LaunchScreen.storyboard;
			sourceTree = "<group>";
		};
/* End PBXVariantGroup section */

/* Begin XCBuildConfiguration section */
		22F6FA142865F4E400A7995F /* Debug */ = {
			isa = XCBuildConfiguration;
			buildSettings = {
				ALWAYS_SEARCH_USER_PATHS = NO;
				CLANG_ANALYZER_NONNULL = YES;
				CLANG_ANALYZER_NUMBER_OBJECT_CONVERSION = YES_AGGRESSIVE;
				CLANG_CXX_LANGUAGE_STANDARD = "gnu++14";
				CLANG_CXX_LIBRARY = "libc++";
				CLANG_ENABLE_MODULES = YES;
				CLANG_ENABLE_OBJC_ARC = YES;
				CLANG_ENABLE_OBJC_WEAK = YES;
				CLANG_WARN_BLOCK_CAPTURE_AUTORELEASING = YES;
				CLANG_WARN_BOOL_CONVERSION = YES;
				CLANG_WARN_COMMA = YES;
				CLANG_WARN_CONSTANT_CONVERSION = YES;
				CLANG_WARN_DEPRECATED_OBJC_IMPLEMENTATIONS = YES;
				CLANG_WARN_DIRECT_OBJC_ISA_USAGE = YES_ERROR;
				CLANG_WARN_DOCUMENTATION_COMMENTS = YES;
				CLANG_WARN_EMPTY_BODY = YES;
				CLANG_WARN_ENUM_CONVERSION = YES;
				CLANG_WARN_INFINITE_RECURSION = YES;
				CLANG_WARN_INT_CONVERSION = YES;
				CLANG_WARN_NON_LITERAL_NULL_CONVERSION = YES;
				CLANG_WARN_OBJC_IMPLICIT_RETAIN_SELF = YES;
				CLANG_WARN_OBJC_LITERAL_CONVERSION = YES;
				CLANG_WARN_OBJC_ROOT_CLASS = YES_ERROR;
				CLANG_WARN_RANGE_LOOP_ANALYSIS = YES;
				CLANG_WARN_STRICT_PROTOTYPES = YES;
				CLANG_WARN_SUSPICIOUS_MOVE = YES;
				CLANG_WARN_UNGUARDED_AVAILABILITY = YES_AGGRESSIVE;
				CLANG_WARN_UNREACHABLE_CODE = YES;
				CLANG_WARN__DUPLICATE_METHOD_MATCH = YES;
				COPY_PHASE_STRIP = NO;
				DEBUG_INFORMATION_FORMAT = dwarf;
				ENABLE_STRICT_OBJC_MSGSEND = YES;
				ENABLE_TESTABILITY = YES;
				GCC_C_LANGUAGE_STANDARD = gnu11;
				GCC_DYNAMIC_NO_PIC = NO;
				GCC_NO_COMMON_BLOCKS = YES;
				GCC_OPTIMIZATION_LEVEL = 0;
				GCC_PREPROCESSOR_DEFINITIONS = (
					"DEBUG=1",
					"$(inherited)",
				);
				GCC_WARN_64_TO_32_BIT_CONVERSION = YES;
				GCC_WARN_ABOUT_RETURN_TYPE = YES_ERROR;
				GCC_WARN_UNDECLARED_SELECTOR = YES;
				GCC_WARN_UNINITIALIZED_AUTOS = YES_AGGRESSIVE;
				GCC_WARN_UNUSED_FUNCTION = YES;
				GCC_WARN_UNUSED_VARIABLE = YES;
				IPHONEOS_DEPLOYMENT_TARGET = 13.6;
				MTL_ENABLE_DEBUG_INFO = INCLUDE_SOURCE;
				MTL_FAST_MATH = YES;
				ONLY_ACTIVE_ARCH = YES;
				SDKROOT = iphoneos;
				SWIFT_ACTIVE_COMPILATION_CONDITIONS = DEBUG;
				SWIFT_OPTIMIZATION_LEVEL = "-Onone";
			};
			name = Debug;
		};
		22F6FA152865F4E400A7995F /* Release */ = {
			isa = XCBuildConfiguration;
			buildSettings = {
				ALWAYS_SEARCH_USER_PATHS = NO;
				CLANG_ANALYZER_NONNULL = YES;
				CLANG_ANALYZER_NUMBER_OBJECT_CONVERSION = YES_AGGRESSIVE;
				CLANG_CXX_LANGUAGE_STANDARD = "gnu++14";
				CLANG_CXX_LIBRARY = "libc++";
				CLANG_ENABLE_MODULES = YES;
				CLANG_ENABLE_OBJC_ARC = YES;
				CLANG_ENABLE_OBJC_WEAK = YES;
				CLANG_WARN_BLOCK_CAPTURE_AUTORELEASING = YES;
				CLANG_WARN_BOOL_CONVERSION = YES;
				CLANG_WARN_COMMA = YES;
				CLANG_WARN_CONSTANT_CONVERSION = YES;
				CLANG_WARN_DEPRECATED_OBJC_IMPLEMENTATIONS = YES;
				CLANG_WARN_DIRECT_OBJC_ISA_USAGE = YES_ERROR;
				CLANG_WARN_DOCUMENTATION_COMMENTS = YES;
				CLANG_WARN_EMPTY_BODY = YES;
				CLANG_WARN_ENUM_CONVERSION = YES;
				CLANG_WARN_INFINITE_RECURSION = YES;
				CLANG_WARN_INT_CONVERSION = YES;
				CLANG_WARN_NON_LITERAL_NULL_CONVERSION = YES;
				CLANG_WARN_OBJC_IMPLICIT_RETAIN_SELF = YES;
				CLANG_WARN_OBJC_LITERAL_CONVERSION = YES;
				CLANG_WARN_OBJC_ROOT_CLASS = YES_ERROR;
				CLANG_WARN_RANGE_LOOP_ANALYSIS = YES;
				CLANG_WARN_STRICT_PROTOTYPES = YES;
				CLANG_WARN_SUSPICIOUS_MOVE = YES;
				CLANG_WARN_UNGUARDED_AVAILABILITY = YES_AGGRESSIVE;
				CLANG_WARN_UNREACHABLE_CODE = YES;
				CLANG_WARN__DUPLICATE_METHOD_MATCH = YES;
				COPY_PHASE_STRIP = NO;
				DEBUG_INFORMATION_FORMAT = "dwarf-with-dsym";
				ENABLE_NS_ASSERTIONS = NO;
				ENABLE_STRICT_OBJC_MSGSEND = YES;
				GCC_C_LANGUAGE_STANDARD = gnu11;
				GCC_NO_COMMON_BLOCKS = YES;
				GCC_WARN_64_TO_32_BIT_CONVERSION = YES;
				GCC_WARN_ABOUT_RETURN_TYPE = YES_ERROR;
				GCC_WARN_UNDECLARED_SELECTOR = YES;
				GCC_WARN_UNINITIALIZED_AUTOS = YES_AGGRESSIVE;
				GCC_WARN_UNUSED_FUNCTION = YES;
				GCC_WARN_UNUSED_VARIABLE = YES;
				IPHONEOS_DEPLOYMENT_TARGET = 13.6;
				MTL_ENABLE_DEBUG_INFO = NO;
				MTL_FAST_MATH = YES;
				SDKROOT = iphoneos;
				SWIFT_COMPILATION_MODE = wholemodule;
				SWIFT_OPTIMIZATION_LEVEL = "-O";
				VALIDATE_PRODUCT = YES;
			};
			name = Release;
		};
		22F6FA172865F4E400A7995F /* Debug */ = {
			isa = XCBuildConfiguration;
			buildSettings = {
				ASSETCATALOG_COMPILER_APPICON_NAME = AppIcon;
				CODE_SIGN_STYLE = Automatic;
				DEVELOPMENT_TEAM = CF493G83QH;
				INFOPLIST_FILE = "RGB Coloriser/App/Info.plist";
				IPHONEOS_DEPLOYMENT_TARGET = 13.6;
				LD_RUNPATH_SEARCH_PATHS = (
					"$(inherited)",
					"@executable_path/Frameworks",
				);
				PRODUCT_BUNDLE_IDENTIFIER = "anastasia.RGB-Coloriser";
				PRODUCT_NAME = "$(TARGET_NAME)";
				SWIFT_VERSION = 5.0;
				TARGETED_DEVICE_FAMILY = 1;
			};
			name = Debug;
		};
		22F6FA182865F4E400A7995F /* Release */ = {
			isa = XCBuildConfiguration;
			buildSettings = {
				ASSETCATALOG_COMPILER_APPICON_NAME = AppIcon;
				CODE_SIGN_STYLE = Automatic;
				DEVELOPMENT_TEAM = CF493G83QH;
				INFOPLIST_FILE = "RGB Coloriser/App/Info.plist";
				IPHONEOS_DEPLOYMENT_TARGET = 13.6;
				LD_RUNPATH_SEARCH_PATHS = (
					"$(inherited)",
					"@executable_path/Frameworks",
				);
				PRODUCT_BUNDLE_IDENTIFIER = "anastasia.RGB-Coloriser";
				PRODUCT_NAME = "$(TARGET_NAME)";
				SWIFT_VERSION = 5.0;
				TARGETED_DEVICE_FAMILY = 1;
			};
			name = Release;
		};
/* End XCBuildConfiguration section */

/* Begin XCConfigurationList section */
		22F6F9FD2865F4E000A7995F /* Build configuration list for PBXProject "RGB Coloriser" */ = {
			isa = XCConfigurationList;
			buildConfigurations = (
				22F6FA142865F4E400A7995F /* Debug */,
				22F6FA152865F4E400A7995F /* Release */,
			);
			defaultConfigurationIsVisible = 0;
			defaultConfigurationName = Release;
		};
		22F6FA162865F4E400A7995F /* Build configuration list for PBXNativeTarget "RGB Coloriser" */ = {
			isa = XCConfigurationList;
			buildConfigurations = (
				22F6FA172865F4E400A7995F /* Debug */,
				22F6FA182865F4E400A7995F /* Release */,
			);
			defaultConfigurationIsVisible = 0;
			defaultConfigurationName = Release;
		};
/* End XCConfigurationList section */
	};
	rootObject = 22F6F9FA2865F4E000A7995F /* Project object */;
}
